Microsoft Visual Studio Solution File, Format Version 12.00
# Visual Studio Version 16
VisualStudioVersion = 16.0.30413.136
MinimumVisualStudioVersion = 10.0.40219.1
Project("{9A19103F-16F7-4668-BE54-9A1E7A4F7556}") = "Laboratorio_3_EDII", "Laboratorio_3_EDII\Laboratorio_3_EDII.csproj", "{DF669EA2-14FA-4E4D-9C3C-51B8A460E368}"
EndProject
Project("{9A19103F-16F7-4668-BE54-9A1E7A4F7556}") = "API_Huffman", "API_Huffman\API_Huffman.csproj", "{5921A983-14F4-4AF5-A573-3CE67456F734}"
EndProject
Project("{9A19103F-16F7-4668-BE54-9A1E7A4F7556}") = "Consola_Huffman", "Consola_Huffman\Consola_Huffman.csproj", "{A1D261DA-55FE-421D-8F62-6C1371F5763F}"
EndProject
Project("{9A19103F-16F7-4668-BE54-9A1E7A4F7556}") = "API_LZW", "API_LZW\API_LZW.csproj", "{8E81E279-1DF9-4E8D-8639-0226140C74CD}"
EndProject
Project("{FAE04EC0-301F-11D3-BF4B-00C04F79EFBC}") = "Consola_LZW", "Consola_LZW\Consola_LZW.csproj", "{60912D7B-2C19-455D-A439-9894C392391E}"
EndProject
Global
	GlobalSection(SolutionConfigurationPlatforms) = preSolution
		Debug|Any CPU = Debug|Any CPU
		Release|Any CPU = Release|Any CPU
	EndGlobalSection
	GlobalSection(ProjectConfigurationPlatforms) = postSolution
		{DF669EA2-14FA-4E4D-9C3C-51B8A460E368}.Debug|Any CPU.ActiveCfg = Debug|Any CPU
		{DF669EA2-14FA-4E4D-9C3C-51B8A460E368}.Debug|Any CPU.Build.0 = Debug|Any CPU
		{DF669EA2-14FA-4E4D-9C3C-51B8A460E368}.Release|Any CPU.ActiveCfg = Release|Any CPU
		{DF669EA2-14FA-4E4D-9C3C-51B8A460E368}.Release|Any CPU.Build.0 = Release|Any CPU
		{5921A983-14F4-4AF5-A573-3CE67456F734}.Debug|Any CPU.ActiveCfg = Debug|Any CPU
		{5921A983-14F4-4AF5-A573-3CE67456F734}.Debug|Any CPU.Build.0 = Debug|Any CPU
		{5921A983-14F4-4AF5-A573-3CE67456F734}.Release|Any CPU.ActiveCfg = Release|Any CPU
		{5921A983-14F4-4AF5-A573-3CE67456F734}.Release|Any CPU.Build.0 = Release|Any CPU
		{A1D261DA-55FE-421D-8F62-6C1371F5763F}.Debug|Any CPU.ActiveCfg = Debug|Any CPU
		{A1D261DA-55FE-421D-8F62-6C1371F5763F}.Debug|Any CPU.Build.0 = Debug|Any CPU
		{A1D261DA-55FE-421D-8F62-6C1371F5763F}.Release|Any CPU.ActiveCfg = Release|Any CPU
		{A1D261DA-55FE-421D-8F62-6C1371F5763F}.Release|Any CPU.Build.0 = Release|Any CPU
		{8E81E279-1DF9-4E8D-8639-0226140C74CD}.Debug|Any CPU.ActiveCfg = Debug|Any CPU
		{8E81E279-1DF9-4E8D-8639-0226140C74CD}.Debug|Any CPU.Build.0 = Debug|Any CPU
		{8E81E279-1DF9-4E8D-8639-0226140C74CD}.Release|Any CPU.ActiveCfg = Release|Any CPU
		{8E81E279-1DF9-4E8D-8639-0226140C74CD}.Release|Any CPU.Build.0 = Release|Any CPU
		{60912D7B-2C19-455D-A439-9894C392391E}.Debug|Any CPU.ActiveCfg = Debug|Any CPU
		{60912D7B-2C19-455D-A439-9894C392391E}.Debug|Any CPU.Build.0 = Debug|Any CPU
		{60912D7B-2C19-455D-A439-9894C392391E}.Release|Any CPU.ActiveCfg = Release|Any CPU
		{60912D7B-2C19-455D-A439-9894C392391E}.Release|Any CPU.Build.0 = Release|Any CPU
	EndGlobalSection
	GlobalSection(SolutionProperties) = preSolution
		HideSolutionNode = FALSE
	EndGlobalSection
	GlobalSection(ExtensibilityGlobals) = postSolution
		SolutionGuid = {365001D4-C085-4C3A-8093-F19D6C22E7B8}
	EndGlobalSection
EndGlobal
